// !$*UTF8*$!
{
	archiveVersion = 1;
	classes = {
	};
	objectVersion = 46;
	objects = {

/* Begin PBXBuildFile section */
		5D0BCF7619577AB30065FFA4 /* Foundation.framework in Frameworks */ = {isa = PBXBuildFile; fileRef = 5D0BCF7519577AB30065FFA4 /* Foundation.framework */; };
		5D0BCF7819577AB30065FFA4 /* CoreGraphics.framework in Frameworks */ = {isa = PBXBuildFile; fileRef = 5D0BCF7719577AB30065FFA4 /* CoreGraphics.framework */; };
		5D0BCF7A19577AB30065FFA4 /* UIKit.framework in Frameworks */ = {isa = PBXBuildFile; fileRef = 5D0BCF7919577AB30065FFA4 /* UIKit.framework */; };
		5D0BCF8019577AB30065FFA4 /* InfoPlist.strings in Resources */ = {isa = PBXBuildFile; fileRef = 5D0BCF7E19577AB30065FFA4 /* InfoPlist.strings */; };
		5D0BCF8219577AB30065FFA4 /* main.m in Sources */ = {isa = PBXBuildFile; fileRef = 5D0BCF8119577AB30065FFA4 /* main.m */; };
		5D0BCF8619577AB30065FFA4 /* FTAppDelegate.m in Sources */ = {isa = PBXBuildFile; fileRef = 5D0BCF8519577AB30065FFA4 /* FTAppDelegate.m */; };
		5D0BCF8819577AB30065FFA4 /* Images.xcassets in Resources */ = {isa = PBXBuildFile; fileRef = 5D0BCF8719577AB30065FFA4 /* Images.xcassets */; };
		5D0BCF8F19577AB30065FFA4 /* XCTest.framework in Frameworks */ = {isa = PBXBuildFile; fileRef = 5D0BCF8E19577AB30065FFA4 /* XCTest.framework */; };
		5D0BCF9019577AB30065FFA4 /* Foundation.framework in Frameworks */ = {isa = PBXBuildFile; fileRef = 5D0BCF7519577AB30065FFA4 /* Foundation.framework */; };
		5D0BCF9119577AB30065FFA4 /* UIKit.framework in Frameworks */ = {isa = PBXBuildFile; fileRef = 5D0BCF7919577AB30065FFA4 /* UIKit.framework */; };
		5D0BCF9919577AB30065FFA4 /* InfoPlist.strings in Resources */ = {isa = PBXBuildFile; fileRef = 5D0BCF9719577AB30065FFA4 /* InfoPlist.strings */; };
		5D0BCF9B19577AB30065FFA4 /* Conversion_MasterTests.m in Sources */ = {isa = PBXBuildFile; fileRef = 5D0BCF9A19577AB30065FFA4 /* Conversion_MasterTests.m */; };
		5D0BCFA619577B380065FFA4 /* FTUnitSelectViewController.m in Sources */ = {isa = PBXBuildFile; fileRef = 5D0BCFA519577B380065FFA4 /* FTUnitSelectViewController.m */; };
		5D0BCFA819577B6D0065FFA4 /* Main.storyboard in Resources */ = {isa = PBXBuildFile; fileRef = 5D0BCFA719577B6D0065FFA4 /* Main.storyboard */; };
		5D0BCFAE195785740065FFA4 /* FTUnitSelectCell.m in Sources */ = {isa = PBXBuildFile; fileRef = 5D0BCFAD195785740065FFA4 /* FTUnitSelectCell.m */; };
		5D0BCFB91957BC4B0065FFA4 /* FTConversionViewController.m in Sources */ = {isa = PBXBuildFile; fileRef = 5D0BCFB81957BC4B0065FFA4 /* FTConversionViewController.m */; };
		5D0BCFBD1957D39A0065FFA4 /* FTGainConverter.m in Sources */ = {isa = PBXBuildFile; fileRef = 5D0BCFBC1957D39A0065FFA4 /* FTGainConverter.m */; };
		5D0BCFC01957DA620065FFA4 /* FTConverterFactory.m in Sources */ = {isa = PBXBuildFile; fileRef = 5D0BCFBF1957DA620065FFA4 /* FTConverterFactory.m */; };
		5DE6125A19590AEC0060B807 /* acceleration_data.plist in Resources */ = {isa = PBXBuildFile; fileRef = 5DE6124419590AEC0060B807 /* acceleration_data.plist */; };
		5DE6125B19590AEC0060B807 /* angle_data.plist in Resources */ = {isa = PBXBuildFile; fileRef = 5DE6124519590AEC0060B807 /* angle_data.plist */; };
		5DE6125C19590AEC0060B807 /* area_data.plist in Resources */ = {isa = PBXBuildFile; fileRef = 5DE6124619590AEC0060B807 /* area_data.plist */; };
		5DE6125D19590AEC0060B807 /* concentration_data.plist in Resources */ = {isa = PBXBuildFile; fileRef = 5DE6124719590AEC0060B807 /* concentration_data.plist */; };
		5DE6125E19590AEC0060B807 /* density_data.plist in Resources */ = {isa = PBXBuildFile; fileRef = 5DE6124819590AEC0060B807 /* density_data.plist */; };
		5DE6125F19590AEC0060B807 /* energy_data.plist in Resources */ = {isa = PBXBuildFile; fileRef = 5DE6124919590AEC0060B807 /* energy_data.plist */; };
		5DE6126019590AEC0060B807 /* flow_data.plist in Resources */ = {isa = PBXBuildFile; fileRef = 5DE6124A19590AEC0060B807 /* flow_data.plist */; };
		5DE6126119590AEC0060B807 /* force_data.plist in Resources */ = {isa = PBXBuildFile; fileRef = 5DE6124B19590AEC0060B807 /* force_data.plist */; };
		5DE6126219590AEC0060B807 /* length_data.plist in Resources */ = {isa = PBXBuildFile; fileRef = 5DE6124C19590AEC0060B807 /* length_data.plist */; };
		5DE6126319590AEC0060B807 /* light_data.plist in Resources */ = {isa = PBXBuildFile; fileRef = 5DE6124D19590AEC0060B807 /* light_data.plist */; };
		5DE6126419590AEC0060B807 /* mass_data.plist in Resources */ = {isa = PBXBuildFile; fileRef = 5DE6124E19590AEC0060B807 /* mass_data.plist */; };
		5DE6126519590AEC0060B807 /* memory_data.plist in Resources */ = {isa = PBXBuildFile; fileRef = 5DE6124F19590AEC0060B807 /* memory_data.plist */; };
		5DE6126619590AEC0060B807 /* power_data.plist in Resources */ = {isa = PBXBuildFile; fileRef = 5DE6125019590AEC0060B807 /* power_data.plist */; };
		5DE6126719590AEC0060B807 /* pressure_data.plist in Resources */ = {isa = PBXBuildFile; fileRef = 5DE6125119590AEC0060B807 /* pressure_data.plist */; };
		5DE6126819590AED0060B807 /* speed_data.plist in Resources */ = {isa = PBXBuildFile; fileRef = 5DE6125219590AEC0060B807 /* speed_data.plist */; };
		5DE6126919590AED0060B807 /* temperature_data.plist in Resources */ = {isa = PBXBuildFile; fileRef = 5DE6125319590AEC0060B807 /* temperature_data.plist */; };
		5DE6126A19590AED0060B807 /* thermal conductivity_data.plist in Resources */ = {isa = PBXBuildFile; fileRef = 5DE6125419590AEC0060B807 /* thermal conductivity_data.plist */; };
		5DE6126B19590AED0060B807 /* time_data.plist in Resources */ = {isa = PBXBuildFile; fileRef = 5DE6125519590AEC0060B807 /* time_data.plist */; };
		5DE6126C19590AED0060B807 /* torque_data.plist in Resources */ = {isa = PBXBuildFile; fileRef = 5DE6125619590AEC0060B807 /* torque_data.plist */; };
		5DE6126D19590AED0060B807 /* unit_types.plist in Resources */ = {isa = PBXBuildFile; fileRef = 5DE6125719590AEC0060B807 /* unit_types.plist */; };
		5DE6126E19590AED0060B807 /* volume_data.plist in Resources */ = {isa = PBXBuildFile; fileRef = 5DE6125819590AEC0060B807 /* volume_data.plist */; };
		5DE6126F19590AED0060B807 /* volume-dry_data.plist in Resources */ = {isa = PBXBuildFile; fileRef = 5DE6125919590AEC0060B807 /* volume-dry_data.plist */; };
/* End PBXBuildFile section */

/* Begin PBXContainerItemProxy section */
		5D0BCF9219577AB30065FFA4 /* PBXContainerItemProxy */ = {
			isa = PBXContainerItemProxy;
			containerPortal = 5D0BCF6A19577AB20065FFA4 /* Project object */;
			proxyType = 1;
			remoteGlobalIDString = 5D0BCF7119577AB30065FFA4;
			remoteInfo = "Conversion Master";
		};
/* End PBXContainerItemProxy section */

/* Begin PBXFileReference section */
		5D0BCF7219577AB30065FFA4 /* Conversion Master.app */ = {isa = PBXFileReference; explicitFileType = wrapper.application; includeInIndex = 0; path = "Conversion Master.app"; sourceTree = BUILT_PRODUCTS_DIR; };
		5D0BCF7519577AB30065FFA4 /* Foundation.framework */ = {isa = PBXFileReference; lastKnownFileType = wrapper.framework; name = Foundation.framework; path = System/Library/Frameworks/Foundation.framework; sourceTree = SDKROOT; };
		5D0BCF7719577AB30065FFA4 /* CoreGraphics.framework */ = {isa = PBXFileReference; lastKnownFileType = wrapper.framework; name = CoreGraphics.framework; path = System/Library/Frameworks/CoreGraphics.framework; sourceTree = SDKROOT; };
		5D0BCF7919577AB30065FFA4 /* UIKit.framework */ = {isa = PBXFileReference; lastKnownFileType = wrapper.framework; name = UIKit.framework; path = System/Library/Frameworks/UIKit.framework; sourceTree = SDKROOT; };
		5D0BCF7D19577AB30065FFA4 /* Conversion Master-Info.plist */ = {isa = PBXFileReference; lastKnownFileType = text.plist.xml; path = "Conversion Master-Info.plist"; sourceTree = "<group>"; };
		5D0BCF7F19577AB30065FFA4 /* en */ = {isa = PBXFileReference; lastKnownFileType = text.plist.strings; name = en; path = en.lproj/InfoPlist.strings; sourceTree = "<group>"; };
		5D0BCF8119577AB30065FFA4 /* main.m */ = {isa = PBXFileReference; lastKnownFileType = sourcecode.c.objc; path = main.m; sourceTree = "<group>"; };
		5D0BCF8319577AB30065FFA4 /* Conversion Master-Prefix.pch */ = {isa = PBXFileReference; lastKnownFileType = sourcecode.c.h; path = "Conversion Master-Prefix.pch"; sourceTree = "<group>"; };
		5D0BCF8419577AB30065FFA4 /* FTAppDelegate.h */ = {isa = PBXFileReference; lastKnownFileType = sourcecode.c.h; path = FTAppDelegate.h; sourceTree = "<group>"; };
		5D0BCF8519577AB30065FFA4 /* FTAppDelegate.m */ = {isa = PBXFileReference; lastKnownFileType = sourcecode.c.objc; path = FTAppDelegate.m; sourceTree = "<group>"; };
		5D0BCF8719577AB30065FFA4 /* Images.xcassets */ = {isa = PBXFileReference; lastKnownFileType = folder.assetcatalog; path = Images.xcassets; sourceTree = "<group>"; };
		5D0BCF8D19577AB30065FFA4 /* Conversion MasterTests.xctest */ = {isa = PBXFileReference; explicitFileType = wrapper.cfbundle; includeInIndex = 0; path = "Conversion MasterTests.xctest"; sourceTree = BUILT_PRODUCTS_DIR; };
		5D0BCF8E19577AB30065FFA4 /* XCTest.framework */ = {isa = PBXFileReference; lastKnownFileType = wrapper.framework; name = XCTest.framework; path = Library/Frameworks/XCTest.framework; sourceTree = DEVELOPER_DIR; };
		5D0BCF9619577AB30065FFA4 /* Conversion MasterTests-Info.plist */ = {isa = PBXFileReference; lastKnownFileType = text.plist.xml; path = "Conversion MasterTests-Info.plist"; sourceTree = "<group>"; };
		5D0BCF9819577AB30065FFA4 /* en */ = {isa = PBXFileReference; lastKnownFileType = text.plist.strings; name = en; path = en.lproj/InfoPlist.strings; sourceTree = "<group>"; };
		5D0BCF9A19577AB30065FFA4 /* Conversion_MasterTests.m */ = {isa = PBXFileReference; lastKnownFileType = sourcecode.c.objc; path = Conversion_MasterTests.m; sourceTree = "<group>"; };
		5D0BCFA419577B380065FFA4 /* FTUnitSelectViewController.h */ = {isa = PBXFileReference; fileEncoding = 4; lastKnownFileType = sourcecode.c.h; path = FTUnitSelectViewController.h; sourceTree = "<group>"; };
		5D0BCFA519577B380065FFA4 /* FTUnitSelectViewController.m */ = {isa = PBXFileReference; fileEncoding = 4; lastKnownFileType = sourcecode.c.objc; path = FTUnitSelectViewController.m; sourceTree = "<group>"; };
		5D0BCFA719577B6D0065FFA4 /* Main.storyboard */ = {isa = PBXFileReference; fileEncoding = 4; lastKnownFileType = file.storyboard; path = Main.storyboard; sourceTree = "<group>"; };
		5D0BCFAC195785740065FFA4 /* FTUnitSelectCell.h */ = {isa = PBXFileReference; fileEncoding = 4; lastKnownFileType = sourcecode.c.h; path = FTUnitSelectCell.h; sourceTree = "<group>"; };
		5D0BCFAD195785740065FFA4 /* FTUnitSelectCell.m */ = {isa = PBXFileReference; fileEncoding = 4; lastKnownFileType = sourcecode.c.objc; path = FTUnitSelectCell.m; sourceTree = "<group>"; };
		5D0BCFB71957BC4B0065FFA4 /* FTConversionViewController.h */ = {isa = PBXFileReference; fileEncoding = 4; lastKnownFileType = sourcecode.c.h; path = FTConversionViewController.h; sourceTree = "<group>"; };
		5D0BCFB81957BC4B0065FFA4 /* FTConversionViewController.m */ = {isa = PBXFileReference; fileEncoding = 4; lastKnownFileType = sourcecode.c.objc; path = FTConversionViewController.m; sourceTree = "<group>"; };
		5D0BCFBA1957D1E00065FFA4 /* FTConverter.h */ = {isa = PBXFileReference; fileEncoding = 4; lastKnownFileType = sourcecode.c.h; path = FTConverter.h; sourceTree = "<group>"; };
		5D0BCFBB1957D39A0065FFA4 /* FTGainConverter.h */ = {isa = PBXFileReference; fileEncoding = 4; lastKnownFileType = sourcecode.c.h; path = FTGainConverter.h; sourceTree = "<group>"; };
		5D0BCFBC1957D39A0065FFA4 /* FTGainConverter.m */ = {isa = PBXFileReference; fileEncoding = 4; lastKnownFileType = sourcecode.c.objc; path = FTGainConverter.m; sourceTree = "<group>"; };
		5D0BCFBE1957DA620065FFA4 /* FTConverterFactory.h */ = {isa = PBXFileReference; fileEncoding = 4; lastKnownFileType = sourcecode.c.h; path = FTConverterFactory.h; sourceTree = "<group>"; };
		5D0BCFBF1957DA620065FFA4 /* FTConverterFactory.m */ = {isa = PBXFileReference; fileEncoding = 4; lastKnownFileType = sourcecode.c.objc; path = FTConverterFactory.m; sourceTree = "<group>"; };
		5DE6124419590AEC0060B807 /* acceleration_data.plist */ = {isa = PBXFileReference; fileEncoding = 4; lastKnownFileType = text.plist.xml; path = acceleration_data.plist; sourceTree = "<group>"; };
		5DE6124519590AEC0060B807 /* angle_data.plist */ = {isa = PBXFileReference; fileEncoding = 4; lastKnownFileType = text.plist.xml; path = angle_data.plist; sourceTree = "<group>"; };
		5DE6124619590AEC0060B807 /* area_data.plist */ = {isa = PBXFileReference; fileEncoding = 4; lastKnownFileType = text.plist.xml; path = area_data.plist; sourceTree = "<group>"; };
		5DE6124719590AEC0060B807 /* concentration_data.plist */ = {isa = PBXFileReference; fileEncoding = 4; lastKnownFileType = text.plist.xml; path = concentration_data.plist; sourceTree = "<group>"; };
		5DE6124819590AEC0060B807 /* density_data.plist */ = {isa = PBXFileReference; fileEncoding = 4; lastKnownFileType = text.plist.xml; path = density_data.plist; sourceTree = "<group>"; };
		5DE6124919590AEC0060B807 /* energy_data.plist */ = {isa = PBXFileReference; fileEncoding = 4; lastKnownFileType = text.plist.xml; path = energy_data.plist; sourceTree = "<group>"; };
		5DE6124A19590AEC0060B807 /* flow_data.plist */ = {isa = PBXFileReference; fileEncoding = 4; lastKnownFileType = text.plist.xml; path = flow_data.plist; sourceTree = "<group>"; };
		5DE6124B19590AEC0060B807 /* force_data.plist */ = {isa = PBXFileReference; fileEncoding = 4; lastKnownFileType = text.plist.xml; path = force_data.plist; sourceTree = "<group>"; };
		5DE6124C19590AEC0060B807 /* length_data.plist */ = {isa = PBXFileReference; fileEncoding = 4; lastKnownFileType = text.plist.xml; path = length_data.plist; sourceTree = "<group>"; };
		5DE6124D19590AEC0060B807 /* light_data.plist */ = {isa = PBXFileReference; fileEncoding = 4; lastKnownFileType = text.plist.xml; path = light_data.plist; sourceTree = "<group>"; };
		5DE6124E19590AEC0060B807 /* mass_data.plist */ = {isa = PBXFileReference; fileEncoding = 4; lastKnownFileType = text.plist.xml; path = mass_data.plist; sourceTree = "<group>"; };
		5DE6124F19590AEC0060B807 /* memory_data.plist */ = {isa = PBXFileReference; fileEncoding = 4; lastKnownFileType = text.plist.xml; path = memory_data.plist; sourceTree = "<group>"; };
		5DE6125019590AEC0060B807 /* power_data.plist */ = {isa = PBXFileReference; fileEncoding = 4; lastKnownFileType = text.plist.xml; path = power_data.plist; sourceTree = "<group>"; };
		5DE6125119590AEC0060B807 /* pressure_data.plist */ = {isa = PBXFileReference; fileEncoding = 4; lastKnownFileType = text.plist.xml; path = pressure_data.plist; sourceTree = "<group>"; };
		5DE6125219590AEC0060B807 /* speed_data.plist */ = {isa = PBXFileReference; fileEncoding = 4; lastKnownFileType = text.plist.xml; path = speed_data.plist; sourceTree = "<group>"; };
		5DE6125319590AEC0060B807 /* temperature_data.plist */ = {isa = PBXFileReference; fileEncoding = 4; lastKnownFileType = text.plist.xml; path = temperature_data.plist; sourceTree = "<group>"; };
		5DE6125419590AEC0060B807 /* thermal conductivity_data.plist */ = {isa = PBXFileReference; fileEncoding = 4; lastKnownFileType = text.plist.xml; path = "thermal conductivity_data.plist"; sourceTree = "<group>"; };
		5DE6125519590AEC0060B807 /* time_data.plist */ = {isa = PBXFileReference; fileEncoding = 4; lastKnownFileType = text.plist.xml; path = time_data.plist; sourceTree = "<group>"; };
		5DE6125619590AEC0060B807 /* torque_data.plist */ = {isa = PBXFileReference; fileEncoding = 4; lastKnownFileType = text.plist.xml; path = torque_data.plist; sourceTree = "<group>"; };
		5DE6125719590AEC0060B807 /* unit_types.plist */ = {isa = PBXFileReference; fileEncoding = 4; lastKnownFileType = text.plist.xml; path = unit_types.plist; sourceTree = "<group>"; };
		5DE6125819590AEC0060B807 /* volume_data.plist */ = {isa = PBXFileReference; fileEncoding = 4; lastKnownFileType = text.plist.xml; path = volume_data.plist; sourceTree = "<group>"; };
		5DE6125919590AEC0060B807 /* volume-dry_data.plist */ = {isa = PBXFileReference; fileEncoding = 4; lastKnownFileType = text.plist.xml; path = "volume-dry_data.plist"; sourceTree = "<group>"; };
/* End PBXFileReference section */

/* Begin PBXFrameworksBuildPhase section */
		5D0BCF6F19577AB30065FFA4 /* Frameworks */ = {
			isa = PBXFrameworksBuildPhase;
			buildActionMask = 2147483647;
			files = (
				5D0BCF7819577AB30065FFA4 /* CoreGraphics.framework in Frameworks */,
				5D0BCF7A19577AB30065FFA4 /* UIKit.framework in Frameworks */,
				5D0BCF7619577AB30065FFA4 /* Foundation.framework in Frameworks */,
			);
			runOnlyForDeploymentPostprocessing = 0;
		};
		5D0BCF8A19577AB30065FFA4 /* Frameworks */ = {
			isa = PBXFrameworksBuildPhase;
			buildActionMask = 2147483647;
			files = (
				5D0BCF8F19577AB30065FFA4 /* XCTest.framework in Frameworks */,
				5D0BCF9119577AB30065FFA4 /* UIKit.framework in Frameworks */,
				5D0BCF9019577AB30065FFA4 /* Foundation.framework in Frameworks */,
			);
			runOnlyForDeploymentPostprocessing = 0;
		};
/* End PBXFrameworksBuildPhase section */

/* Begin PBXGroup section */
		5D0BCF6919577AB20065FFA4 = {
			isa = PBXGroup;
			children = (
				5D0BCFA919577BC00065FFA4 /* Resources */,
				5D0BCF7B19577AB30065FFA4 /* Conversion Master */,
				5D0BCF9419577AB30065FFA4 /* Conversion MasterTests */,
				5D0BCF7419577AB30065FFA4 /* Frameworks */,
				5D0BCF7319577AB30065FFA4 /* Products */,
			);
			sourceTree = "<group>";
		};
		5D0BCF7319577AB30065FFA4 /* Products */ = {
			isa = PBXGroup;
			children = (
				5D0BCF7219577AB30065FFA4 /* Conversion Master.app */,
				5D0BCF8D19577AB30065FFA4 /* Conversion MasterTests.xctest */,
			);
			name = Products;
			sourceTree = "<group>";
		};
		5D0BCF7419577AB30065FFA4 /* Frameworks */ = {
			isa = PBXGroup;
			children = (
				5D0BCF7519577AB30065FFA4 /* Foundation.framework */,
				5D0BCF7719577AB30065FFA4 /* CoreGraphics.framework */,
				5D0BCF7919577AB30065FFA4 /* UIKit.framework */,
				5D0BCF8E19577AB30065FFA4 /* XCTest.framework */,
			);
			name = Frameworks;
			sourceTree = "<group>";
		};
		5D0BCF7B19577AB30065FFA4 /* Conversion Master */ = {
			isa = PBXGroup;
			children = (
				5D0BCFBA1957D1E00065FFA4 /* FTConverter.h */,
				5D0BCF8419577AB30065FFA4 /* FTAppDelegate.h */,
				5D0BCF8519577AB30065FFA4 /* FTAppDelegate.m */,
				5D0BCF8719577AB30065FFA4 /* Images.xcassets */,
				5D0BCF7C19577AB30065FFA4 /* Supporting Files */,
				5D0BCFA419577B380065FFA4 /* FTUnitSelectViewController.h */,
				5D0BCFA519577B380065FFA4 /* FTUnitSelectViewController.m */,
				5D0BCFA719577B6D0065FFA4 /* Main.storyboard */,
				5D0BCFB71957BC4B0065FFA4 /* FTConversionViewController.h */,
				5D0BCFB81957BC4B0065FFA4 /* FTConversionViewController.m */,
				5D0BCFAC195785740065FFA4 /* FTUnitSelectCell.h */,
				5D0BCFAD195785740065FFA4 /* FTUnitSelectCell.m */,
				5D0BCFBB1957D39A0065FFA4 /* FTGainConverter.h */,
				5D0BCFBC1957D39A0065FFA4 /* FTGainConverter.m */,
				5D0BCFBE1957DA620065FFA4 /* FTConverterFactory.h */,
				5D0BCFBF1957DA620065FFA4 /* FTConverterFactory.m */,
			);
			path = "Conversion Master";
			sourceTree = "<group>";
		};
		5D0BCF7C19577AB30065FFA4 /* Supporting Files */ = {
			isa = PBXGroup;
			children = (
				5D0BCF7D19577AB30065FFA4 /* Conversion Master-Info.plist */,
				5D0BCF7E19577AB30065FFA4 /* InfoPlist.strings */,
				5D0BCF8119577AB30065FFA4 /* main.m */,
				5D0BCF8319577AB30065FFA4 /* Conversion Master-Prefix.pch */,
			);
			name = "Supporting Files";
			sourceTree = "<group>";
		};
		5D0BCF9419577AB30065FFA4 /* Conversion MasterTests */ = {
			isa = PBXGroup;
			children = (
				5D0BCF9A19577AB30065FFA4 /* Conversion_MasterTests.m */,
				5D0BCF9519577AB30065FFA4 /* Supporting Files */,
			);
			path = "Conversion MasterTests";
			sourceTree = "<group>";
		};
		5D0BCF9519577AB30065FFA4 /* Supporting Files */ = {
			isa = PBXGroup;
			children = (
				5D0BCF9619577AB30065FFA4 /* Conversion MasterTests-Info.plist */,
				5D0BCF9719577AB30065FFA4 /* InfoPlist.strings */,
			);
			name = "Supporting Files";
			sourceTree = "<group>";
		};
		5D0BCFA919577BC00065FFA4 /* Resources */ = {
			isa = PBXGroup;
			children = (
				5DE6124419590AEC0060B807 /* acceleration_data.plist */,
				5DE6124519590AEC0060B807 /* angle_data.plist */,
				5DE6124619590AEC0060B807 /* area_data.plist */,
				5DE6124719590AEC0060B807 /* concentration_data.plist */,
				5DE6124819590AEC0060B807 /* density_data.plist */,
				5DE6124919590AEC0060B807 /* energy_data.plist */,
				5DE6124A19590AEC0060B807 /* flow_data.plist */,
				5DE6124B19590AEC0060B807 /* force_data.plist */,
				5DE6124C19590AEC0060B807 /* length_data.plist */,
				5DE6124D19590AEC0060B807 /* light_data.plist */,
				5DE6124E19590AEC0060B807 /* mass_data.plist */,
				5DE6124F19590AEC0060B807 /* memory_data.plist */,
				5DE6125019590AEC0060B807 /* power_data.plist */,
				5DE6125119590AEC0060B807 /* pressure_data.plist */,
				5DE6125219590AEC0060B807 /* speed_data.plist */,
				5DE6125319590AEC0060B807 /* temperature_data.plist */,
				5DE6125419590AEC0060B807 /* thermal conductivity_data.plist */,
				5DE6125519590AEC0060B807 /* time_data.plist */,
				5DE6125619590AEC0060B807 /* torque_data.plist */,
				5DE6125719590AEC0060B807 /* unit_types.plist */,
				5DE6125819590AEC0060B807 /* volume_data.plist */,
				5DE6125919590AEC0060B807 /* volume-dry_data.plist */,
			);
			path = Resources;
			sourceTree = "<group>";
		};
/* End PBXGroup section */

/* Begin PBXNativeTarget section */
		5D0BCF7119577AB30065FFA4 /* Conversion Master */ = {
			isa = PBXNativeTarget;
			buildConfigurationList = 5D0BCF9E19577AB30065FFA4 /* Build configuration list for PBXNativeTarget "Conversion Master" */;
			buildPhases = (
				5D0BCF6E19577AB30065FFA4 /* Sources */,
				5D0BCF6F19577AB30065FFA4 /* Frameworks */,
				5D0BCF7019577AB30065FFA4 /* Resources */,
			);
			buildRules = (
			);
			dependencies = (
			);
			name = "Conversion Master";
			productName = "Conversion Master";
			productReference = 5D0BCF7219577AB30065FFA4 /* Conversion Master.app */;
			productType = "com.apple.product-type.application";
		};
		5D0BCF8C19577AB30065FFA4 /* Conversion MasterTests */ = {
			isa = PBXNativeTarget;
			buildConfigurationList = 5D0BCFA119577AB30065FFA4 /* Build configuration list for PBXNativeTarget "Conversion MasterTests" */;
			buildPhases = (
				5D0BCF8919577AB30065FFA4 /* Sources */,
				5D0BCF8A19577AB30065FFA4 /* Frameworks */,
				5D0BCF8B19577AB30065FFA4 /* Resources */,
			);
			buildRules = (
			);
			dependencies = (
				5D0BCF9319577AB30065FFA4 /* PBXTargetDependency */,
			);
			name = "Conversion MasterTests";
			productName = "Conversion MasterTests";
			productReference = 5D0BCF8D19577AB30065FFA4 /* Conversion MasterTests.xctest */;
			productType = "com.apple.product-type.bundle.unit-test";
		};
/* End PBXNativeTarget section */

/* Begin PBXProject section */
		5D0BCF6A19577AB20065FFA4 /* Project object */ = {
			isa = PBXProject;
			attributes = {
				CLASSPREFIX = FT;
				LastUpgradeCheck = 0510;
				ORGANIZATIONNAME = "___FULLUSERNAME___";
				TargetAttributes = {
					5D0BCF8C19577AB30065FFA4 = {
						TestTargetID = 5D0BCF7119577AB30065FFA4;
					};
				};
			};
			buildConfigurationList = 5D0BCF6D19577AB20065FFA4 /* Build configuration list for PBXProject "Conversion Master" */;
			compatibilityVersion = "Xcode 3.2";
			developmentRegion = English;
			hasScannedForEncodings = 0;
			knownRegions = (
				en,
			);
			mainGroup = 5D0BCF6919577AB20065FFA4;
			productRefGroup = 5D0BCF7319577AB30065FFA4 /* Products */;
			projectDirPath = "";
			projectRoot = "";
			targets = (
				5D0BCF7119577AB30065FFA4 /* Conversion Master */,
				5D0BCF8C19577AB30065FFA4 /* Conversion MasterTests */,
			);
		};
/* End PBXProject section */

/* Begin PBXResourcesBuildPhase section */
		5D0BCF7019577AB30065FFA4 /* Resources */ = {
			isa = PBXResourcesBuildPhase;
			buildActionMask = 2147483647;
			files = (
				5DE6126619590AEC0060B807 /* power_data.plist in Resources */,
				5DE6126519590AEC0060B807 /* memory_data.plist in Resources */,
				5DE6125A19590AEC0060B807 /* acceleration_data.plist in Resources */,
				5DE6125C19590AEC0060B807 /* area_data.plist in Resources */,
				5DE6126E19590AED0060B807 /* volume_data.plist in Resources */,
				5DE6126219590AEC0060B807 /* length_data.plist in Resources */,
				5DE6126319590AEC0060B807 /* light_data.plist in Resources */,
				5D0BCFA819577B6D0065FFA4 /* Main.storyboard in Resources */,
				5D0BCF8019577AB30065FFA4 /* InfoPlist.strings in Resources */,
				5DE6126019590AEC0060B807 /* flow_data.plist in Resources */,
				5D0BCF8819577AB30065FFA4 /* Images.xcassets in Resources */,
				5DE6126419590AEC0060B807 /* mass_data.plist in Resources */,
				5DE6125E19590AEC0060B807 /* density_data.plist in Resources */,
				5DE6126F19590AED0060B807 /* volume-dry_data.plist in Resources */,
				5DE6126819590AED0060B807 /* speed_data.plist in Resources */,
				5DE6126D19590AED0060B807 /* unit_types.plist in Resources */,
				5DE6125B19590AEC0060B807 /* angle_data.plist in Resources */,
				5DE6126A19590AED0060B807 /* thermal conductivity_data.plist in Resources */,
				5DE6125D19590AEC0060B807 /* concentration_data.plist in Resources */,
				5DE6126119590AEC0060B807 /* force_data.plist in Resources */,
				5DE6126B19590AED0060B807 /* time_data.plist in Resources */,
				5DE6126C19590AED0060B807 /* torque_data.plist in Resources */,
				5DE6126719590AEC0060B807 /* pressure_data.plist in Resources */,
				5DE6125F19590AEC0060B807 /* energy_data.plist in Resources */,
				5DE6126919590AED0060B807 /* temperature_data.plist in Resources */,
			);
			runOnlyForDeploymentPostprocessing = 0;
		};
		5D0BCF8B19577AB30065FFA4 /* Resources */ = {
			isa = PBXResourcesBuildPhase;
			buildActionMask = 2147483647;
			files = (
				5D0BCF9919577AB30065FFA4 /* InfoPlist.strings in Resources */,
			);
			runOnlyForDeploymentPostprocessing = 0;
		};
/* End PBXResourcesBuildPhase section */

/* Begin PBXSourcesBuildPhase section */
		5D0BCF6E19577AB30065FFA4 /* Sources */ = {
			isa = PBXSourcesBuildPhase;
			buildActionMask = 2147483647;
			files = (
				5D0BCF8619577AB30065FFA4 /* FTAppDelegate.m in Sources */,
				5D0BCFC01957DA620065FFA4 /* FTConverterFactory.m in Sources */,
				5D0BCF8219577AB30065FFA4 /* main.m in Sources */,
				5D0BCFA619577B380065FFA4 /* FTUnitSelectViewController.m in Sources */,
				5D0BCFBD1957D39A0065FFA4 /* FTGainConverter.m in Sources */,
				5D0BCFB91957BC4B0065FFA4 /* FTConversionViewController.m in Sources */,
				5D0BCFAE195785740065FFA4 /* FTUnitSelectCell.m in Sources */,
			);
			runOnlyForDeploymentPostprocessing = 0;
		};
		5D0BCF8919577AB30065FFA4 /* Sources */ = {
			isa = PBXSourcesBuildPhase;
			buildActionMask = 2147483647;
			files = (
				5D0BCF9B19577AB30065FFA4 /* Conversion_MasterTests.m in Sources */,
			);
			runOnlyForDeploymentPostprocessing = 0;
		};
/* End PBXSourcesBuildPhase section */

/* Begin PBXTargetDependency section */
		5D0BCF9319577AB30065FFA4 /* PBXTargetDependency */ = {
			isa = PBXTargetDependency;
			target = 5D0BCF7119577AB30065FFA4 /* Conversion Master */;
			targetProxy = 5D0BCF9219577AB30065FFA4 /* PBXContainerItemProxy */;
		};
/* End PBXTargetDependency section */

/* Begin PBXVariantGroup section */
		5D0BCF7E19577AB30065FFA4 /* InfoPlist.strings */ = {
			isa = PBXVariantGroup;
			children = (
				5D0BCF7F19577AB30065FFA4 /* en */,
			);
			name = InfoPlist.strings;
			sourceTree = "<group>";
		};
		5D0BCF9719577AB30065FFA4 /* InfoPlist.strings */ = {
			isa = PBXVariantGroup;
			children = (
				5D0BCF9819577AB30065FFA4 /* en */,
			);
			name = InfoPlist.strings;
			sourceTree = "<group>";
		};
/* End PBXVariantGroup section */

/* Begin XCBuildConfiguration section */
		5D0BCF9C19577AB30065FFA4 /* Debug */ = {
			isa = XCBuildConfiguration;
			buildSettings = {
				ALWAYS_SEARCH_USER_PATHS = NO;
				CLANG_CXX_LANGUAGE_STANDARD = "gnu++0x";
				CLANG_CXX_LIBRARY = "libc++";
				CLANG_ENABLE_MODULES = YES;
				CLANG_ENABLE_OBJC_ARC = YES;
				CLANG_WARN_BOOL_CONVERSION = YES;
				CLANG_WARN_CONSTANT_CONVERSION = YES;
				CLANG_WARN_DIRECT_OBJC_ISA_USAGE = YES_ERROR;
				CLANG_WARN_EMPTY_BODY = YES;
				CLANG_WARN_ENUM_CONVERSION = YES;
				CLANG_WARN_INT_CONVERSION = YES;
				CLANG_WARN_OBJC_ROOT_CLASS = YES_ERROR;
				CLANG_WARN__DUPLICATE_METHOD_MATCH = YES;
				"CODE_SIGN_IDENTITY[sdk=iphoneos*]" = "iPhone Developer";
				COPY_PHASE_STRIP = NO;
				GCC_C_LANGUAGE_STANDARD = gnu99;
				GCC_DYNAMIC_NO_PIC = NO;
				GCC_OPTIMIZATION_LEVEL = 0;
				GCC_PREPROCESSOR_DEFINITIONS = (
					"DEBUG=1",
					"$(inherited)",
				);
				GCC_SYMBOLS_PRIVATE_EXTERN = NO;
				GCC_WARN_64_TO_32_BIT_CONVERSION = YES;
				GCC_WARN_ABOUT_RETURN_TYPE = YES_ERROR;
				GCC_WARN_UNDECLARED_SELECTOR = YES;
				GCC_WARN_UNINITIALIZED_AUTOS = YES_AGGRESSIVE;
				GCC_WARN_UNUSED_FUNCTION = YES;
				GCC_WARN_UNUSED_VARIABLE = YES;
				IPHONEOS_DEPLOYMENT_TARGET = 7.1;
				ONLY_ACTIVE_ARCH = YES;
				SDKROOT = iphoneos;
			};
			name = Debug;
		};
		5D0BCF9D19577AB30065FFA4 /* Release */ = {
			isa = XCBuildConfiguration;
			buildSettings = {
				ALWAYS_SEARCH_USER_PATHS = NO;
				CLANG_CXX_LANGUAGE_STANDARD = "gnu++0x";
				CLANG_CXX_LIBRARY = "libc++";
				CLANG_ENABLE_MODULES = YES;
				CLANG_ENABLE_OBJC_ARC = YES;
				CLANG_WARN_BOOL_CONVERSION = YES;
				CLANG_WARN_CONSTANT_CONVERSION = YES;
				CLANG_WARN_DIRECT_OBJC_ISA_USAGE = YES_ERROR;
				CLANG_WARN_EMPTY_BODY = YES;
				CLANG_WARN_ENUM_CONVERSION = YES;
				CLANG_WARN_INT_CONVERSION = YES;
				CLANG_WARN_OBJC_ROOT_CLASS = YES_ERROR;
				CLANG_WARN__DUPLICATE_METHOD_MATCH = YES;
				"CODE_SIGN_IDENTITY[sdk=iphoneos*]" = "iPhone Developer";
				COPY_PHASE_STRIP = YES;
				ENABLE_NS_ASSERTIONS = NO;
				GCC_C_LANGUAGE_STANDARD = gnu99;
				GCC_WARN_64_TO_32_BIT_CONVERSION = YES;
				GCC_WARN_ABOUT_RETURN_TYPE = YES_ERROR;
				GCC_WARN_UNDECLARED_SELECTOR = YES;
				GCC_WARN_UNINITIALIZED_AUTOS = YES_AGGRESSIVE;
				GCC_WARN_UNUSED_FUNCTION = YES;
				GCC_WARN_UNUSED_VARIABLE = YES;
				IPHONEOS_DEPLOYMENT_TARGET = 7.1;
				SDKROOT = iphoneos;
				VALIDATE_PRODUCT = YES;
			};
			name = Release;
		};
		5D0BCF9F19577AB30065FFA4 /* Debug */ = {
			isa = XCBuildConfiguration;
			buildSettings = {
				ASSETCATALOG_COMPILER_APPICON_NAME = AppIcon;
				ASSETCATALOG_COMPILER_LAUNCHIMAGE_NAME = LaunchImage;
				GCC_PRECOMPILE_PREFIX_HEADER = YES;
				GCC_PREFIX_HEADER = "Conversion Master/Conversion Master-Prefix.pch";
				INFOPLIST_FILE = "Conversion Master/Conversion Master-Info.plist";
				PRODUCT_NAME = "$(TARGET_NAME)";
				WRAPPER_EXTENSION = app;
			};
			name = Debug;
		};
		5D0BCFA019577AB30065FFA4 /* Release */ = {
			isa = XCBuildConfiguration;
			buildSettings = {
				ASSETCATALOG_COMPILER_APPICON_NAME = AppIcon;
				ASSETCATALOG_COMPILER_LAUNCHIMAGE_NAME = LaunchImage;
				GCC_PRECOMPILE_PREFIX_HEADER = YES;
				GCC_PREFIX_HEADER = "Conversion Master/Conversion Master-Prefix.pch";
				INFOPLIST_FILE = "Conversion Master/Conversion Master-Info.plist";
				PRODUCT_NAME = "$(TARGET_NAME)";
				WRAPPER_EXTENSION = app;
			};
			name = Release;
		};
		5D0BCFA219577AB30065FFA4 /* Debug */ = {
			isa = XCBuildConfiguration;
			buildSettings = {
				BUNDLE_LOADER = "$(BUILT_PRODUCTS_DIR)/Conversion Master.app/Conversion Master";
				FRAMEWORK_SEARCH_PATHS = (
					"$(SDKROOT)/Developer/Library/Frameworks",
					"$(inherited)",
					"$(DEVELOPER_FRAMEWORKS_DIR)",
				);
				GCC_PRECOMPILE_PREFIX_HEADER = YES;
				GCC_PREFIX_HEADER = "Conversion Master/Conversion Master-Prefix.pch";
				GCC_PREPROCESSOR_DEFINITIONS = (
					"DEBUG=1",
					"$(inherited)",
				);
				INFOPLIST_FILE = "Conversion MasterTests/Conversion MasterTests-Info.plist";
				PRODUCT_NAME = "$(TARGET_NAME)";
				TEST_HOST = "$(BUNDLE_LOADER)";
				WRAPPER_EXTENSION = xctest;
			};
			name = Debug;
		};
		5D0BCFA319577AB30065FFA4 /* Release */ = {
			isa = XCBuildConfiguration;
			buildSettings = {
				BUNDLE_LOADER = "$(BUILT_PRODUCTS_DIR)/Conversion Master.app/Conversion Master";
				FRAMEWORK_SEARCH_PATHS = (
					"$(SDKROOT)/Developer/Library/Frameworks",
					"$(inherited)",
					"$(DEVELOPER_FRAMEWORKS_DIR)",
				);
				GCC_PRECOMPILE_PREFIX_HEADER = YES;
				GCC_PREFIX_HEADER = "Conversion Master/Conversion Master-Prefix.pch";
				INFOPLIST_FILE = "Conversion MasterTests/Conversion MasterTests-Info.plist";
				PRODUCT_NAME = "$(TARGET_NAME)";
				TEST_HOST = "$(BUNDLE_LOADER)";
				WRAPPER_EXTENSION = xctest;
			};
			name = Release;
		};
/* End XCBuildConfiguration section */

/* Begin XCConfigurationList section */
		5D0BCF6D19577AB20065FFA4 /* Build configuration list for PBXProject "Conversion Master" */ = {
			isa = XCConfigurationList;
			buildConfigurations = (
				5D0BCF9C19577AB30065FFA4 /* Debug */,
				5D0BCF9D19577AB30065FFA4 /* Release */,
			);
			defaultConfigurationIsVisible = 0;
			defaultConfigurationName = Release;
		};
		5D0BCF9E19577AB30065FFA4 /* Build configuration list for PBXNativeTarget "Conversion Master" */ = {
			isa = XCConfigurationList;
			buildConfigurations = (
				5D0BCF9F19577AB30065FFA4 /* Debug */,
				5D0BCFA019577AB30065FFA4 /* Release */,
			);
			defaultConfigurationIsVisible = 0;
			defaultConfigurationName = Release;
		};
		5D0BCFA119577AB30065FFA4 /* Build configuration list for PBXNativeTarget "Conversion MasterTests" */ = {
			isa = XCConfigurationList;
			buildConfigurations = (
				5D0BCFA219577AB30065FFA4 /* Debug */,
				5D0BCFA319577AB30065FFA4 /* Release */,
			);
			defaultConfigurationIsVisible = 0;
			defaultConfigurationName = Release;
		};
/* End XCConfigurationList section */
	};
	rootObject = 5D0BCF6A19577AB20065FFA4 /* Project object */;
}
